
Microsoft Visual Studio Solution File, Format Version 12.00
# Visual Studio Version 17
VisualStudioVersion = 17.5.002.0
MinimumVisualStudioVersion = 10.0.40219.1
Project("{9A19103F-16F7-4668-BE54-9A1E7A4F7556}") = "impresora-service", "impresora-service.csproj", "{EBC453C2-FF42-421C-979D-56B331D3EE3C}"
EndProject
Global
	GlobalSection(SolutionConfigurationPlatforms) = preSolution
		Debug|Any CPU = Debug|Any CPU
		Release|Any CPU = Release|Any CPU
	EndGlobalSection
	GlobalSection(ProjectConfigurationPlatforms) = postSolution
		{EBC453C2-FF42-421C-979D-56B331D3EE3C}.Debug|Any CPU.ActiveCfg = Debug|Any CPU
		{EBC453C2-FF42-421C-979D-56B331D3EE3C}.Debug|Any CPU.Build.0 = Debug|Any CPU
		{EBC453C2-FF42-421C-979D-56B331D3EE3C}.Release|Any CPU.ActiveCfg = Release|Any CPU
		{EBC453C2-FF42-421C-979D-56B331D3EE3C}.Release|Any CPU.Build.0 = Release|Any CPU
	EndGlobalSection
	GlobalSection(SolutionProperties) = preSolution
		HideSolutionNode = FALSE
	EndGlobalSection
	GlobalSection(ExtensibilityGlobals) = postSolution
		SolutionGuid = {3DD09841-7749-45CE-B3B7-6AC3E7A33AC3}
	EndGlobalSection
EndGlobal
